
Microsoft Visual Studio Solution File, Format Version 12.00
# Visual Studio Version 16
VisualStudioVersion = 16.0.29009.5
MinimumVisualStudioVersion = 10.0.40219.1
Project("{FAE04EC0-301F-11D3-BF4B-00C04F79EFBC}") = "PSX-2 CNF Creator", "PSX-2 CNF Creator.csproj", "{8E2D1C5A-A9EE-400E-89BE-54B002C577CC}"
EndProject
Global
	GlobalSection(SolutionConfigurationPlatforms) = preSolution
		Debug|Any CPU = Debug|Any CPU
		Release|Any CPU = Release|Any CPU
	EndGlobalSection
	GlobalSection(ProjectConfigurationPlatforms) = postSolution
		{8E2D1C5A-A9EE-400E-89BE-54B002C577CC}.Debug|Any CPU.ActiveCfg = Debug|Any CPU
		{8E2D1C5A-A9EE-400E-89BE-54B002C577CC}.Debug|Any CPU.Build.0 = Debug|Any CPU
		{8E2D1C5A-A9EE-400E-89BE-54B002C577CC}.Release|Any CPU.ActiveCfg = Release|Any CPU
		{8E2D1C5A-A9EE-400E-89BE-54B002C577CC}.Release|Any CPU.Build.0 = Release|Any CPU
	EndGlobalSection
	GlobalSection(SolutionProperties) = preSolution
		HideSolutionNode = FALSE
	EndGlobalSection
	GlobalSection(ExtensibilityGlobals) = postSolution
		SolutionGuid = {A6D96B03-2409-45C7-8A18-CF44BBCEE347}
	EndGlobalSection
EndGlobal
